<?xml version="1.0" encoding="utf-8"?>
<Project ToolsVersion="4.0" xmlns="http://schemas.microsoft.com/developer/msbuild/2003">
  <ItemGroup>
    <Filter Include="Source Files">
      <UniqueIdentifier>{4FC737F1-C7A5-4376-A066-2A32D752A2FF}</UniqueIdentifier>
      <Extensions>cpp;c;cc;cxx;c++;cppm;ixx;def;odl;idl;hpj;bat;asm;asmx</Extensions>
    </Filter>
    <Filter Include="Header Files">
      <UniqueIdentifier>{93995380-89BD-4b04-88EB-625FBE52EBFB}</UniqueIdentifier>
      <Extensions>h;hh;hpp;hxx;h++;hm;inl;inc;ipp;xsd</Extensions>
    </Filter>
  </ItemGroup>
  <ItemGroup>
    <ClCompile Include="source\main.cpp">
      <Filter>Source Files</Filter>
    </ClCompile>
    <ClCompile Include="source\utils\ColliderUtils.cpp">
      <Filter>Source Files</Filter>
    </ClCompile>
    <ClCompile Include="source\utils\TimeUtils.cpp">
      <Filter>Source Files</Filter>
    </ClCompile>
    <ClCompile Include="source\behavior\MoveLikeBulletBeh.cpp">
      <Filter>Source Files</Filter>
    </ClCompile>
    <ClCompile Include="source\behavior\MoveLikeTankBeh.cpp">
      <Filter>Source Files</Filter>
    </ClCompile>
    <ClCompile Include="source\behavior\ShootingBeh.cpp">
      <Filter>Source Files</Filter>
    </ClCompile>
    <ClCompile Include="source\application\ConfigFailure.cpp">
      <Filter>Source Files</Filter>
    </ClCompile>
    <ClCompile Include="source\application\ConfigSuccess.cpp">
      <Filter>Source Files</Filter>
    </ClCompile>
    <ClCompile Include="source\application\GameFailure.cpp">
      <Filter>Source Files</Filter>
    </ClCompile>
    <ClCompile Include="source\application\GameSuccess.cpp">
      <Filter>Source Files</Filter>
    </ClCompile>
    <ClCompile Include="source\components\BonusSpawner.cpp">
      <Filter>Source Files</Filter>
    </ClCompile>
    <ClCompile Include="source\components\BulletPool.cpp">
      <Filter>Source Files</Filter>
    </ClCompile>
    <ClCompile Include="source\components\GameStatistics.cpp">
      <Filter>Source Files</Filter>
    </ClCompile>
    <ClCompile Include="source\components\LineOfSight.cpp">
      <Filter>Source Files</Filter>
    </ClCompile>
    <ClCompile Include="source\components\Menu.cpp">
      <Filter>Source Files</Filter>
    </ClCompile>
    <ClCompile Include="source\components\ObstacleSpawner.cpp">
      <Filter>Source Files</Filter>
    </ClCompile>
    <ClCompile Include="source\components\TankSpawner.cpp">
      <Filter>Source Files</Filter>
    </ClCompile>
    <ClCompile Include="source\application\UserInput.cpp">
      <Filter>Source Files</Filter>
    </ClCompile>
    <ClCompile Include="source\network\Client.cpp">
      <Filter>Source Files</Filter>
    </ClCompile>
    <ClCompile Include="source\network\ClientHandler.cpp">
      <Filter>Source Files</Filter>
    </ClCompile>
    <ClCompile Include="source\network\Server.cpp">
      <Filter>Source Files</Filter>
    </ClCompile>
    <ClCompile Include="source\network\ServerHandler.cpp">
      <Filter>Source Files</Filter>
    </ClCompile>
    <ClCompile Include="source\components\AnimatedObjects.cpp">
      <Filter>Source Files</Filter>
    </ClCompile>
    <ClCompile Include="source\components\managers\AnimationManager.cpp">
      <Filter>Source Files</Filter>
    </ClCompile>
    <ClCompile Include="source\components\managers\BonusEffectManager.cpp">
      <Filter>Source Files</Filter>
    </ClCompile>
    <ClCompile Include="source\components\managers\TextureManager.cpp">
      <Filter>Source Files</Filter>
    </ClCompile>
    <ClCompile Include="source\components\Map.cpp">
      <Filter>Source Files</Filter>
    </ClCompile>
    <ClCompile Include="source\components\input\InputProviderForMenu.cpp">
      <Filter>Source Files</Filter>
    </ClCompile>
    <ClCompile Include="source\components\input\InputProviderForPlayerOne.cpp">
      <Filter>Source Files</Filter>
    </ClCompile>
    <ClCompile Include="source\components\input\InputProviderForPlayerOneNet.cpp">
      <Filter>Source Files</Filter>
    </ClCompile>
    <ClCompile Include="source\components\input\InputProviderForPlayerTwo.cpp">
      <Filter>Source Files</Filter>
    </ClCompile>
    <ClCompile Include="source\components\input\InputProviderForPlayerTwoNet.cpp">
      <Filter>Source Files</Filter>
    </ClCompile>
    <ClCompile Include="source\entities\BaseObj.cpp">
      <Filter>Source Files</Filter>
    </ClCompile>
    <ClCompile Include="source\entities\bonuses\Bonus.cpp">
      <Filter>Source Files</Filter>
    </ClCompile>
    <ClCompile Include="source\entities\bonuses\BonusCaliber.cpp">
      <Filter>Source Files</Filter>
    </ClCompile>
    <ClCompile Include="source\entities\bonuses\BonusGrenade.cpp">
      <Filter>Source Files</Filter>
    </ClCompile>
    <ClCompile Include="source\entities\bonuses\BonusHelmet.cpp">
      <Filter>Source Files</Filter>
    </ClCompile>
    <ClCompile Include="source\entities\bonuses\BonusShovel.cpp">
      <Filter>Source Files</Filter>
    </ClCompile>
    <ClCompile Include="source\entities\bonuses\BonusStar.cpp">
      <Filter>Source Files</Filter>
    </ClCompile>
    <ClCompile Include="source\entities\bonuses\BonusTank.cpp">
      <Filter>Source Files</Filter>
    </ClCompile>
    <ClCompile Include="source\entities\bonuses\BonusTimer.cpp">
      <Filter>Source Files</Filter>
    </ClCompile>
    <ClCompile Include="source\entities\obstacles\BrickWall.cpp">
      <Filter>Source Files</Filter>
    </ClCompile>
    <ClCompile Include="source\entities\obstacles\EagleTile.cpp">
      <Filter>Source Files</Filter>
    </ClCompile>
    <ClCompile Include="source\entities\obstacles\FortressWall.cpp">
      <Filter>Source Files</Filter>
    </ClCompile>
    <ClCompile Include="source\entities\obstacles\IceTile.cpp">
      <Filter>Source Files</Filter>
    </ClCompile>
    <ClCompile Include="source\entities\obstacles\Obstacle.cpp">
      <Filter>Source Files</Filter>
    </ClCompile>
    <ClCompile Include="source\entities\obstacles\SteelWall.cpp">
      <Filter>Source Files</Filter>
    </ClCompile>
    <ClCompile Include="source\entities\obstacles\WaterTile.cpp">
      <Filter>Source Files</Filter>
    </ClCompile>
    <ClCompile Include="source\entities\pawns\Bot.cpp">
      <Filter>Source Files</Filter>
    </ClCompile>
    <ClCompile Include="source\entities\pawns\Bullet.cpp">
      <Filter>Source Files</Filter>
    </ClCompile>
    <ClCompile Include="source\entities\pawns\CoopBot.cpp">
      <Filter>Source Files</Filter>
    </ClCompile>
    <ClCompile Include="source\entities\pawns\Enemy.cpp">
      <Filter>Source Files</Filter>
    </ClCompile>
    <ClCompile Include="source\entities\pawns\Pawn.cpp">
      <Filter>Source Files</Filter>
    </ClCompile>
    <ClCompile Include="source\entities\pawns\Player.cpp">
      <Filter>Source Files</Filter>
    </ClCompile>
    <ClCompile Include="source\entities\pawns\Tank.cpp">
      <Filter>Source Files</Filter>
    </ClCompile>
    <ClCompile Include="source\network\commands\AnimationCreate.cpp">
      <Filter>Source Files</Filter>
    </ClCompile>
    <ClCompile Include="source\network\commands\BonusDeSpawn.cpp">
      <Filter>Source Files</Filter>
    </ClCompile>
    <ClCompile Include="source\network\commands\BonusSpawn.cpp">
      <Filter>Source Files</Filter>
    </ClCompile>
    <ClCompile Include="source\network\commands\Command.cpp">
      <Filter>Source Files</Filter>
    </ClCompile>
    <ClCompile Include="source\network\commands\CommandBatch.cpp">
      <Filter>Source Files</Filter>
    </ClCompile>
    <ClCompile Include="source\network\commands\Dispose.cpp">
      <Filter>Source Files</Filter>
    </ClCompile>
    <ClCompile Include="source\network\commands\FortressChange.cpp">
      <Filter>Source Files</Filter>
    </ClCompile>
    <ClCompile Include="source\network\commands\HealthChange.cpp">
      <Filter>Source Files</Filter>
    </ClCompile>
    <ClCompile Include="source\network\commands\KeyStateChange.cpp">
      <Filter>Source Files</Filter>
    </ClCompile>
    <ClCompile Include="source\network\commands\ObstacleSpawn.cpp">
      <Filter>Source Files</Filter>
    </ClCompile>
    <ClCompile Include="source\network\commands\PositionChange.cpp">
      <Filter>Source Files</Filter>
    </ClCompile>
    <ClCompile Include="source\network\commands\RespawnTank.cpp">
      <Filter>Source Files</Filter>
    </ClCompile>
    <ClCompile Include="source\network\commands\StatisticsChange.cpp">
      <Filter>Source Files</Filter>
    </ClCompile>
    <ClCompile Include="source\network\commands\TankShot.cpp">
      <Filter>Source Files</Filter>
    </ClCompile>
    <ClCompile Include="source\utils\Logger.cpp">
      <Filter>Source Files</Filter>
    </ClCompile>
    <ClCompile Include="source\utils\NetworkLogger.cpp">
      <Filter>Source Files</Filter>
    </ClCompile>
    <ClCompile Include="source\utils\RandUtils.cpp">
      <Filter>Source Files</Filter>
    </ClCompile>
    <ClCompile Include="source\utils\Timer.cpp">
      <Filter>Source Files</Filter>
    </ClCompile>
    <ClCompile Include="source\utils\UuidUtils.cpp">
      <Filter>Source Files</Filter>
    </ClCompile>
    <ClCompile Include="source\application\GameConfig.cpp">
      <Filter>Source Files</Filter>
    </ClCompile>
    <ClCompile Include="source\application\SDL_Config.cpp">
      <Filter>Source Files</Filter>
    </ClCompile>
    <ClCompile Include="source\components\managers\DelayedSpawnManager.cpp">
      <Filter>Source Files</Filter>
    </ClCompile>
    <ClCompile Include="source\components\managers\FramePerSecondManager.cpp">
      <Filter>Source Files</Filter>
    </ClCompile>
    <ClCompile Include="source\components\managers\RenderManager.cpp">
      <Filter>Source Files</Filter>
    </ClCompile>
    <ClCompile Include="source\components\managers\RespawnManager.cpp">
      <Filter>Source Files</Filter>
    </ClCompile>
    <ClCompile Include="source\components\managers\SpawnManager.cpp">
      <Filter>Source Files</Filter>
    </ClCompile>
    <ClCompile Include="source\components\managers\GameStateManager.cpp">
      <Filter>Source Files</Filter>
    </ClCompile>
    <ClCompile Include="source\components\ScoreBoard.cpp">
      <Filter>Source Files</Filter>
    </ClCompile>
    <ClCompile Include="source\components\RightSideBar.cpp">
      <Filter>Source Files</Filter>
    </ClCompile>
    <ClCompile Include="source\entities\obstacles\BushTile.cpp">
      <Filter>Source Files</Filter>
    </ClCompile>
    <ClCompile Include="source\network\commands\BonusStatus.cpp">
      <Filter>Source Files</Filter>
    </ClCompile>
    <ClCompile Include="source\network\commands\GameStateChange.cpp">
      <Filter>Source Files</Filter>
    </ClCompile>
    <ClCompile Include="source\network\commands\SignalEvent.cpp">
      <Filter>Source Files</Filter>
    </ClCompile>
    <ClCompile Include="source\network\commands\TankOnOff.cpp">
      <Filter>Source Files</Filter>
    </ClCompile>
  </ItemGroup>
  <ItemGroup>
    <ClInclude Include="headers\Point.h">
      <Filter>Header Files</Filter>
    </ClInclude>
    <ClInclude Include="headers\Circle.h">
      <Filter>Header Files</Filter>
    </ClInclude>
    <ClInclude Include="headers\interfaces\IPickupableBonus.h">
      <Filter>Header Files</Filter>
    </ClInclude>
    <ClInclude Include="headers\interfaces\IShootable.h">
      <Filter>Header Files</Filter>
    </ClInclude>
    <ClInclude Include="headers\interfaces\IConfig.h">
      <Filter>Header Files</Filter>
    </ClInclude>
    <ClInclude Include="headers\interfaces\IDrawable.h">
      <Filter>Header Files</Filter>
    </ClInclude>
    <ClInclude Include="headers\interfaces\IGame.h">
      <Filter>Header Files</Filter>
    </ClInclude>
    <ClInclude Include="headers\interfaces\IInputProvider.h">
      <Filter>Header Files</Filter>
    </ClInclude>
    <ClInclude Include="headers\interfaces\IMoveBeh.h">
      <Filter>Header Files</Filter>
    </ClInclude>
    <ClInclude Include="headers\interfaces\IObstacle.h">
      <Filter>Header Files</Filter>
    </ClInclude>
    <ClInclude Include="headers\interfaces\ISendableDamageStatistics.h">
      <Filter>Header Files</Filter>
    </ClInclude>
    <ClInclude Include="headers\interfaces\ITickUpdatable.h">
      <Filter>Header Files</Filter>
    </ClInclude>
    <ClInclude Include="headers\utils\ColliderUtils.h">
      <Filter>Header Files</Filter>
    </ClInclude>
    <ClInclude Include="headers\utils\PixelUtils.h">
      <Filter>Header Files</Filter>
    </ClInclude>
    <ClInclude Include="headers\utils\TimeUtils.h">
      <Filter>Header Files</Filter>
    </ClInclude>
    <ClInclude Include="headers\behavior\MoveLikeBulletBeh.h">
      <Filter>Header Files</Filter>
    </ClInclude>
    <ClInclude Include="headers\behavior\MoveLikeTankBeh.h">
      <Filter>Header Files</Filter>
    </ClInclude>
    <ClInclude Include="headers\behavior\ShootingBeh.h">
      <Filter>Header Files</Filter>
    </ClInclude>
    <ClInclude Include="resource.h">
      <Filter>Header Files</Filter>
    </ClInclude>
    <ClInclude Include="headers\application\ConfigFailure.h">
      <Filter>Header Files</Filter>
    </ClInclude>
    <ClInclude Include="headers\application\ConfigSuccess.h">
      <Filter>Header Files</Filter>
    </ClInclude>
    <ClInclude Include="headers\application\GameFailure.h">
      <Filter>Header Files</Filter>
    </ClInclude>
    <ClInclude Include="headers\application\GameSuccess.h">
      <Filter>Header Files</Filter>
    </ClInclude>
    <ClInclude Include="headers\components\BonusSpawner.h">
      <Filter>Header Files</Filter>
    </ClInclude>
    <ClInclude Include="headers\components\BulletPool.h">
      <Filter>Header Files</Filter>
    </ClInclude>
    <ClInclude Include="headers\components\EventSystem.h">
      <Filter>Header Files</Filter>
    </ClInclude>
    <ClInclude Include="headers\components\GameStatistics.h">
      <Filter>Header Files</Filter>
    </ClInclude>
    <ClInclude Include="headers\components\LineOfSight.h">
      <Filter>Header Files</Filter>
    </ClInclude>
    <ClInclude Include="headers\components\Menu.h">
      <Filter>Header Files</Filter>
    </ClInclude>
    <ClInclude Include="headers\components\ObstacleSpawner.h">
      <Filter>Header Files</Filter>
    </ClInclude>
    <ClInclude Include="headers\components\TankSpawner.h">
      <Filter>Header Files</Filter>
    </ClInclude>
    <ClInclude Include="headers\enums\BonusType.h">
      <Filter>Header Files</Filter>
    </ClInclude>
    <ClInclude Include="headers\enums\Direction.h">
      <Filter>Header Files</Filter>
    </ClInclude>
    <ClInclude Include="headers\enums\GameMode.h">
      <Filter>Header Files</Filter>
    </ClInclude>
    <ClInclude Include="headers\enums\ObstacleType.h">
      <Filter>Header Files</Filter>
    </ClInclude>
    <ClInclude Include="headers\application\UserInput.h">
      <Filter>Header Files</Filter>
    </ClInclude>
    <ClInclude Include="headers\interfaces\IHaveFraction.h">
      <Filter>Header Files</Filter>
    </ClInclude>
    <ClInclude Include="headers\interfaces\INetworkNode.h">
      <Filter>Header Files</Filter>
    </ClInclude>
    <ClInclude Include="headers\network\Client.h">
      <Filter>Header Files</Filter>
    </ClInclude>
    <ClInclude Include="headers\network\ClientHandler.h">
      <Filter>Header Files</Filter>
    </ClInclude>
    <ClInclude Include="headers\network\Server.h">
      <Filter>Header Files</Filter>
    </ClInclude>
    <ClInclude Include="headers\network\ServerHandler.h">
      <Filter>Header Files</Filter>
    </ClInclude>
    <ClInclude Include="headers\components\AnimatedObjects.h">
      <Filter>Header Files</Filter>
    </ClInclude>
    <ClInclude Include="headers\components\managers\AnimationManager.h">
      <Filter>Header Files</Filter>
    </ClInclude>
    <ClInclude Include="headers\components\managers\BonusEffectManager.h">
      <Filter>Header Files</Filter>
    </ClInclude>
    <ClInclude Include="headers\components\managers\TextureManager.h">
      <Filter>Header Files</Filter>
    </ClInclude>
    <ClInclude Include="headers\enums\AnimationType.h">
      <Filter>Header Files</Filter>
    </ClInclude>
    <ClInclude Include="headers\network\commands\AnimationCreate.h">
      <Filter>Header Files</Filter>
    </ClInclude>
    <ClInclude Include="headers\components\Map.h">
      <Filter>Header Files</Filter>
    </ClInclude>
    <ClInclude Include="headers\components\input\InputProviderForMenu.h">
      <Filter>Header Files</Filter>
    </ClInclude>
    <ClInclude Include="headers\components\input\InputProviderForPlayerOne.h">
      <Filter>Header Files</Filter>
    </ClInclude>
    <ClInclude Include="headers\components\input\InputProviderForPlayerOneNet.h">
      <Filter>Header Files</Filter>
    </ClInclude>
    <ClInclude Include="headers\components\input\InputProviderForPlayerTwo.h">
      <Filter>Header Files</Filter>
    </ClInclude>
    <ClInclude Include="headers\components\input\InputProviderForPlayerTwoNet.h">
      <Filter>Header Files</Filter>
    </ClInclude>
    <ClInclude Include="headers\components\input\MouseButton.h">
      <Filter>Header Files</Filter>
    </ClInclude>
    <ClInclude Include="headers\components\input\PlayerKeys.h">
      <Filter>Header Files</Filter>
    </ClInclude>
    <ClInclude Include="headers\entities\BaseObj.h">
      <Filter>Header Files</Filter>
    </ClInclude>
    <ClInclude Include="headers\entities\BaseObjProperty.h">
      <Filter>Header Files</Filter>
    </ClInclude>
    <ClInclude Include="headers\entities\BonusEffectProperty.h">
      <Filter>Header Files</Filter>
    </ClInclude>
    <ClInclude Include="headers\entities\Tags.h">
      <Filter>Header Files</Filter>
    </ClInclude>
    <ClInclude Include="headers\entities\ObjRectangle.h">
      <Filter>Header Files</Filter>
    </ClInclude>
    <ClInclude Include="headers\entities\bonuses\Bonus.h">
      <Filter>Header Files</Filter>
    </ClInclude>
    <ClInclude Include="headers\entities\bonuses\BonusCaliber.h">
      <Filter>Header Files</Filter>
    </ClInclude>
    <ClInclude Include="headers\entities\bonuses\BonusGrenade.h">
      <Filter>Header Files</Filter>
    </ClInclude>
    <ClInclude Include="headers\entities\bonuses\BonusHelmet.h">
      <Filter>Header Files</Filter>
    </ClInclude>
    <ClInclude Include="headers\entities\bonuses\BonusShovel.h">
      <Filter>Header Files</Filter>
    </ClInclude>
    <ClInclude Include="headers\entities\bonuses\BonusStar.h">
      <Filter>Header Files</Filter>
    </ClInclude>
    <ClInclude Include="headers\entities\bonuses\BonusTank.h">
      <Filter>Header Files</Filter>
    </ClInclude>
    <ClInclude Include="headers\entities\bonuses\BonusTimer.h">
      <Filter>Header Files</Filter>
    </ClInclude>
    <ClInclude Include="headers\entities\obstacles\BrickWall.h">
      <Filter>Header Files</Filter>
    </ClInclude>
    <ClInclude Include="headers\entities\obstacles\EagleTile.h">
      <Filter>Header Files</Filter>
    </ClInclude>
    <ClInclude Include="headers\entities\obstacles\FortressWall.h">
      <Filter>Header Files</Filter>
    </ClInclude>
    <ClInclude Include="headers\entities\obstacles\IceTile.h">
      <Filter>Header Files</Filter>
    </ClInclude>
    <ClInclude Include="headers\entities\obstacles\Obstacle.h">
      <Filter>Header Files</Filter>
    </ClInclude>
    <ClInclude Include="headers\entities\obstacles\SteelWall.h">
      <Filter>Header Files</Filter>
    </ClInclude>
    <ClInclude Include="headers\entities\obstacles\WaterTile.h">
      <Filter>Header Files</Filter>
    </ClInclude>
    <ClInclude Include="headers\entities\pawns\Bot.h">
      <Filter>Header Files</Filter>
    </ClInclude>
    <ClInclude Include="headers\entities\pawns\Bullet.h">
      <Filter>Header Files</Filter>
    </ClInclude>
    <ClInclude Include="headers\entities\pawns\BulletResetProperty.h">
      <Filter>Header Files</Filter>
    </ClInclude>
    <ClInclude Include="headers\entities\pawns\CoopBot.h">
      <Filter>Header Files</Filter>
    </ClInclude>
    <ClInclude Include="headers\entities\pawns\Enemy.h">
      <Filter>Header Files</Filter>
    </ClInclude>
    <ClInclude Include="headers\entities\pawns\Pawn.h">
      <Filter>Header Files</Filter>
    </ClInclude>
    <ClInclude Include="headers\entities\pawns\PawnProperty.h">
      <Filter>Header Files</Filter>
    </ClInclude>
    <ClInclude Include="headers\entities\pawns\Player.h">
      <Filter>Header Files</Filter>
    </ClInclude>
    <ClInclude Include="headers\entities\pawns\Tank.h">
      <Filter>Header Files</Filter>
    </ClInclude>
    <ClInclude Include="headers\enums\CommandType.h">
      <Filter>Header Files</Filter>
    </ClInclude>
    <ClInclude Include="headers\enums\RespawnCount.h">
      <Filter>Header Files</Filter>
    </ClInclude>
    <ClInclude Include="headers\enums\TankType.h">
      <Filter>Header Files</Filter>
    </ClInclude>
    <ClInclude Include="headers\enums\TextureOffset.h">
      <Filter>Header Files</Filter>
    </ClInclude>
    <ClInclude Include="headers\network\commands\BonusDeSpawn.h">
      <Filter>Header Files</Filter>
    </ClInclude>
    <ClInclude Include="headers\network\commands\BonusSpawn.h">
      <Filter>Header Files</Filter>
    </ClInclude>
    <ClInclude Include="headers\network\commands\Command.h">
      <Filter>Header Files</Filter>
    </ClInclude>
    <ClInclude Include="headers\network\commands\CommandBatch.h">
      <Filter>Header Files</Filter>
    </ClInclude>
    <ClInclude Include="headers\network\commands\Dispose.h">
      <Filter>Header Files</Filter>
    </ClInclude>
    <ClInclude Include="headers\network\commands\FortressChange.h">
      <Filter>Header Files</Filter>
    </ClInclude>
    <ClInclude Include="headers\network\commands\HealthChange.h">
      <Filter>Header Files</Filter>
    </ClInclude>
    <ClInclude Include="headers\network\commands\KeyStateChange.h">
      <Filter>Header Files</Filter>
    </ClInclude>
    <ClInclude Include="headers\network\commands\ObstacleSpawn.h">
      <Filter>Header Files</Filter>
    </ClInclude>
    <ClInclude Include="headers\network\commands\PositionChange.h">
      <Filter>Header Files</Filter>
    </ClInclude>
    <ClInclude Include="headers\network\commands\RespawnTank.h">
      <Filter>Header Files</Filter>
    </ClInclude>
    <ClInclude Include="headers\network\commands\StatisticsChange.h">
      <Filter>Header Files</Filter>
    </ClInclude>
    <ClInclude Include="headers\network\commands\TankShot.h">
      <Filter>Header Files</Filter>
    </ClInclude>
    <ClInclude Include="headers\network\commands\UuidSerialization.h">
      <Filter>Header Files</Filter>
    </ClInclude>
    <ClInclude Include="headers\utils\Logger.h">
      <Filter>Header Files</Filter>
    </ClInclude>
    <ClInclude Include="headers\utils\NetworkLogger.h">
      <Filter>Header Files</Filter>
    </ClInclude>
    <ClInclude Include="headers\utils\RandUtils.h">
      <Filter>Header Files</Filter>
    </ClInclude>
    <ClInclude Include="headers\utils\Timer.h">
      <Filter>Header Files</Filter>
    </ClInclude>
    <ClInclude Include="headers\utils\UuidUtils.h">
      <Filter>Header Files</Filter>
    </ClInclude>
    <ClInclude Include="headers\application\GameConfig.h">
      <Filter>Header Files</Filter>
    </ClInclude>
    <ClInclude Include="headers\components\managers\FramePerSecondManager.h">
      <Filter>Header Files</Filter>
    </ClInclude>
    <ClInclude Include="headers\components\managers\RenderManager.h">
      <Filter>Header Files</Filter>
    </ClInclude>
    <ClInclude Include="headers\components\managers\RespawnManager.h">
      <Filter>Header Files</Filter>
    </ClInclude>
    <ClInclude Include="headers\components\managers\DelayedSpawnManager.h">
      <Filter>Header Files</Filter>
    </ClInclude>
    <ClInclude Include="headers\components\managers\SpawnManager.h">
      <Filter>Header Files</Filter>
    </ClInclude>
    <ClInclude Include="headers\components\managers\GameStateManager.h">
      <Filter>Header Files</Filter>
    </ClInclude>
    <ClInclude Include="headers\components\ScoreBoard.h">
      <Filter>Header Files</Filter>
    </ClInclude>
    <ClInclude Include="headers\entities\BulletCalibre.h">
      <Filter>Header Files</Filter>
    </ClInclude>
    <ClInclude Include="headers\components\RightSideBar.h">
      <Filter>Header Files</Filter>
    </ClInclude>
    <ClInclude Include="headers\enums\GameState.h">
      <Filter>Header Files</Filter>
    </ClInclude>
    <ClInclude Include="headers\network\commands\BonusStatus.h">
      <Filter>Header Files</Filter>
    </ClInclude>
    <ClInclude Include="headers\network\commands\GameStateChange.h">
      <Filter>Header Files</Filter>
    </ClInclude>
    <ClInclude Include="headers\network\commands\SignalEvent.h">
      <Filter>Header Files</Filter>
    </ClInclude>
    <ClInclude Include="headers\network\commands\TankOnOff.h">
      <Filter>Header Files</Filter>
    </ClInclude>
    <ClInclude Include="headers\application\SDL_Config.h">
      <Filter>Header Files</Filter>
    </ClInclude>
    <ClInclude Include="headers\entities\obstacles\BushTile.h">
      <Filter>Header Files</Filter>
    </ClInclude>
  </ItemGroup>
  <ItemGroup>
    <ResourceCompile Include="BattleCityRemastered.rc" />
  </ItemGroup>
  <ItemGroup>
    <Image Include="Resources\Images\Title.png" />
  </ItemGroup>
  <ItemGroup>
    <Font Include="Resources\Fonts\PressStart2P-vaV7.ttf" />
  </ItemGroup>
  <ItemGroup>
    <Media Include="Resources\Sounds\levelStarted.wav" />
  </ItemGroup>
  <ItemGroup>
    <None Include="packages.config" />
  </ItemGroup>
</Project>