
Microsoft Visual Studio Solution File, Format Version 12.00
# Visual Studio Version 17
VisualStudioVersion = 17.9.34607.119
MinimumVisualStudioVersion = 10.0.40219.1
Project("{8BC9CEB8-8B4A-11D0-8D11-00A0C91BC942}") = "BattleCityRemastered", "BattleCityRemastered.vcxproj", "{27374CE9-68DC-4C67-B0FF-D373F40BBCDB}"
EndProject
Project("{8BC9CEB8-8B4A-11D0-8D11-00A0C91BC942}") = "GameCore", "GameCore\GameCore.vcxproj", "{6A1F9C3D-2E57-4B8A-9D10-4F7C2A8B5E91}"
EndProject
Project("{8BC9CEB8-8B4A-11D0-8D11-00A0C91BC942}") = "GamePlatform", "GamePlatform\GamePlatform.vcxproj", "{3F2B7D14-6C48-4A9E-B512-8E0D5A37C4F2}"
EndProject
Project("{8BC9CEB8-8B4A-11D0-8D11-00A0C91BC942}") = "UnitTests", "UnitTests\UnitTests.vcxproj", "{BC9394F4-DB42-417B-A611-F7D97630D46E}"
EndProject
Project("{8BC9CEB8-8B4A-11D0-8D11-00A0C91BC942}") = "SDL2.VisualC", "SDL2Wrappers\SDL2\SDL.vcxproj", "{81CE8DAF-EBB2-4761-8E45-B71ABCCA8C68}"
EndProject
Project("{8BC9CEB8-8B4A-11D0-8D11-00A0C91BC942}") = "SDL2main.VisualC", "ThirdParty\SDL2\VisualC\SDLmain\SDLmain.vcxproj", "{DA956FD3-E142-46F2-9DD5-C78BEBB56B7A}"
EndProject
Project("{8BC9CEB8-8B4A-11D0-8D11-00A0C91BC942}") = "SDL2_ttf.VisualC", "SDL2Wrappers\SDL2_ttf\SDL_ttf.vcxproj", "{DDDBD07D-DC76-4AF6-8D02-3E2DEB6EE255}"
EndProject
Project("{8BC9CEB8-8B4A-11D0-8D11-00A0C91BC942}") = "SDL2_image.VisualC", "SDL2Wrappers\SDL2_image\SDL_image.vcxproj", "{2BD5534E-00E2-4BEA-AC96-D9A92EA24696}"
EndProject
Project("{8BC9CEB8-8B4A-11D0-8D11-00A0C91BC942}") = "SDL2_mixer.VisualC", "SDL2Wrappers\SDL2_mixer\SDL_mixer.vcxproj", "{F7E944B3-0815-40CD-B3E4-90B2A15B0E33}"
EndProject
Global
	GlobalSection(SolutionConfigurationPlatforms) = preSolution
		Debug|x64 = Debug|x64
		Debug|x86 = Debug|x86
		Release|x64 = Release|x64
		Release|x86 = Release|x86
	EndGlobalSection
	GlobalSection(ProjectConfigurationPlatforms) = postSolution
		{27374CE9-68DC-4C67-B0FF-D373F40BBCDB}.Debug|x64.ActiveCfg = Debug|x64
		{27374CE9-68DC-4C67-B0FF-D373F40BBCDB}.Debug|x86.ActiveCfg = Debug|Win32
		{27374CE9-68DC-4C67-B0FF-D373F40BBCDB}.Debug|x86.Build.0 = Debug|Win32
		{27374CE9-68DC-4C67-B0FF-D373F40BBCDB}.Release|x64.ActiveCfg = Release|x64
		{27374CE9-68DC-4C67-B0FF-D373F40BBCDB}.Release|x64.Build.0 = Release|x64
		{27374CE9-68DC-4C67-B0FF-D373F40BBCDB}.Release|x86.ActiveCfg = Release|Win32
		{27374CE9-68DC-4C67-B0FF-D373F40BBCDB}.Release|x86.Build.0 = Release|Win32
		{27374CE9-68DC-4C67-B0FF-D373F40BBCDB}.Debug|x64.Build.0 = Debug|x64
		{BC9394F4-DB42-417B-A611-F7D97630D46E}.Debug|x64.ActiveCfg = Debug|x64
		{BC9394F4-DB42-417B-A611-F7D97630D46E}.Debug|x86.ActiveCfg = Debug|Win32
		{BC9394F4-DB42-417B-A611-F7D97630D46E}.Debug|x86.Build.0 = Debug|Win32
		{BC9394F4-DB42-417B-A611-F7D97630D46E}.Release|x64.ActiveCfg = Release|x64
		{BC9394F4-DB42-417B-A611-F7D97630D46E}.Release|x86.ActiveCfg = Release|Win32
		{BC9394F4-DB42-417B-A611-F7D97630D46E}.Release|x86.Build.0 = Release|Win32
		{BC9394F4-DB42-417B-A611-F7D97630D46E}.Debug|x64.Build.0 = Debug|x64
		{81CE8DAF-EBB2-4761-8E45-B71ABCCA8C68}.Debug|x64.ActiveCfg = Debug|x64
		{81CE8DAF-EBB2-4761-8E45-B71ABCCA8C68}.Debug|x64.Build.0 = Debug|x64
		{81CE8DAF-EBB2-4761-8E45-B71ABCCA8C68}.Debug|x86.ActiveCfg = Debug|Win32
		{81CE8DAF-EBB2-4761-8E45-B71ABCCA8C68}.Debug|x86.Build.0 = Debug|Win32
		{81CE8DAF-EBB2-4761-8E45-B71ABCCA8C68}.Release|x64.ActiveCfg = Release|x64
		{81CE8DAF-EBB2-4761-8E45-B71ABCCA8C68}.Release|x64.Build.0 = Release|x64
		{81CE8DAF-EBB2-4761-8E45-B71ABCCA8C68}.Release|x86.ActiveCfg = Release|Win32
		{81CE8DAF-EBB2-4761-8E45-B71ABCCA8C68}.Release|x86.Build.0 = Release|Win32
		{DA956FD3-E142-46F2-9DD5-C78BEBB56B7A}.Debug|x64.ActiveCfg = Debug|x64
		{DA956FD3-E142-46F2-9DD5-C78BEBB56B7A}.Debug|x64.Build.0 = Debug|x64
		{DA956FD3-E142-46F2-9DD5-C78BEBB56B7A}.Debug|x86.ActiveCfg = Debug|Win32
		{DA956FD3-E142-46F2-9DD5-C78BEBB56B7A}.Debug|x86.Build.0 = Debug|Win32
		{DA956FD3-E142-46F2-9DD5-C78BEBB56B7A}.Release|x64.ActiveCfg = Release|x64
		{DA956FD3-E142-46F2-9DD5-C78BEBB56B7A}.Release|x64.Build.0 = Release|x64
		{DA956FD3-E142-46F2-9DD5-C78BEBB56B7A}.Release|x86.ActiveCfg = Release|Win32
		{DA956FD3-E142-46F2-9DD5-C78BEBB56B7A}.Release|x86.Build.0 = Release|Win32
		{DDDBD07D-DC76-4AF6-8D02-3E2DEB6EE255}.Debug|x64.ActiveCfg = Debug|x64
		{DDDBD07D-DC76-4AF6-8D02-3E2DEB6EE255}.Debug|x64.Build.0 = Debug|x64
		{DDDBD07D-DC76-4AF6-8D02-3E2DEB6EE255}.Debug|x86.ActiveCfg = Debug|Win32
		{DDDBD07D-DC76-4AF6-8D02-3E2DEB6EE255}.Debug|x86.Build.0 = Debug|Win32
		{DDDBD07D-DC76-4AF6-8D02-3E2DEB6EE255}.Release|x64.ActiveCfg = Release|x64
		{DDDBD07D-DC76-4AF6-8D02-3E2DEB6EE255}.Release|x64.Build.0 = Release|x64
		{DDDBD07D-DC76-4AF6-8D02-3E2DEB6EE255}.Release|x86.ActiveCfg = Release|Win32
		{DDDBD07D-DC76-4AF6-8D02-3E2DEB6EE255}.Release|x86.Build.0 = Release|Win32
		{2BD5534E-00E2-4BEA-AC96-D9A92EA24696}.Debug|x64.ActiveCfg = Debug|x64
		{2BD5534E-00E2-4BEA-AC96-D9A92EA24696}.Debug|x64.Build.0 = Debug|x64
		{2BD5534E-00E2-4BEA-AC96-D9A92EA24696}.Debug|x86.ActiveCfg = Debug|Win32
		{2BD5534E-00E2-4BEA-AC96-D9A92EA24696}.Debug|x86.Build.0 = Debug|Win32
		{2BD5534E-00E2-4BEA-AC96-D9A92EA24696}.Release|x64.ActiveCfg = Release|x64
		{2BD5534E-00E2-4BEA-AC96-D9A92EA24696}.Release|x64.Build.0 = Release|x64
		{2BD5534E-00E2-4BEA-AC96-D9A92EA24696}.Release|x86.ActiveCfg = Release|Win32
		{2BD5534E-00E2-4BEA-AC96-D9A92EA24696}.Release|x86.Build.0 = Release|Win32
		{F7E944B3-0815-40CD-B3E4-90B2A15B0E33}.Debug|x64.ActiveCfg = Debug|x64
		{F7E944B3-0815-40CD-B3E4-90B2A15B0E33}.Debug|x64.Build.0 = Debug|x64
		{F7E944B3-0815-40CD-B3E4-90B2A15B0E33}.Debug|x86.ActiveCfg = Debug|Win32
		{F7E944B3-0815-40CD-B3E4-90B2A15B0E33}.Debug|x86.Build.0 = Debug|Win32
		{F7E944B3-0815-40CD-B3E4-90B2A15B0E33}.Release|x64.ActiveCfg = Release|x64
		{F7E944B3-0815-40CD-B3E4-90B2A15B0E33}.Release|x64.Build.0 = Release|x64
		{F7E944B3-0815-40CD-B3E4-90B2A15B0E33}.Release|x86.ActiveCfg = Release|Win32
		{F7E944B3-0815-40CD-B3E4-90B2A15B0E33}.Release|x86.Build.0 = Release|Win32
		{6A1F9C3D-2E57-4B8A-9D10-4F7C2A8B5E91}.Debug|x64.ActiveCfg = Debug|x64
		{6A1F9C3D-2E57-4B8A-9D10-4F7C2A8B5E91}.Debug|x64.Build.0 = Debug|x64
		{6A1F9C3D-2E57-4B8A-9D10-4F7C2A8B5E91}.Debug|x86.ActiveCfg = Debug|Win32
		{6A1F9C3D-2E57-4B8A-9D10-4F7C2A8B5E91}.Debug|x86.Build.0 = Debug|Win32
		{6A1F9C3D-2E57-4B8A-9D10-4F7C2A8B5E91}.Release|x64.ActiveCfg = Release|x64
		{6A1F9C3D-2E57-4B8A-9D10-4F7C2A8B5E91}.Release|x64.Build.0 = Release|x64
		{6A1F9C3D-2E57-4B8A-9D10-4F7C2A8B5E91}.Release|x86.ActiveCfg = Release|Win32
		{6A1F9C3D-2E57-4B8A-9D10-4F7C2A8B5E91}.Release|x86.Build.0 = Release|Win32
		{3F2B7D14-6C48-4A9E-B512-8E0D5A37C4F2}.Debug|x64.ActiveCfg = Debug|x64
		{3F2B7D14-6C48-4A9E-B512-8E0D5A37C4F2}.Debug|x64.Build.0 = Debug|x64
		{3F2B7D14-6C48-4A9E-B512-8E0D5A37C4F2}.Debug|x86.ActiveCfg = Debug|Win32
		{3F2B7D14-6C48-4A9E-B512-8E0D5A37C4F2}.Debug|x86.Build.0 = Debug|Win32
		{3F2B7D14-6C48-4A9E-B512-8E0D5A37C4F2}.Release|x64.ActiveCfg = Release|x64
		{3F2B7D14-6C48-4A9E-B512-8E0D5A37C4F2}.Release|x64.Build.0 = Release|x64
		{3F2B7D14-6C48-4A9E-B512-8E0D5A37C4F2}.Release|x86.ActiveCfg = Release|Win32
		{3F2B7D14-6C48-4A9E-B512-8E0D5A37C4F2}.Release|x86.Build.0 = Release|Win32
	EndGlobalSection
	GlobalSection(SolutionProperties) = preSolution
		HideSolutionNode = FALSE
	EndGlobalSection
	GlobalSection(ExtensibilityGlobals) = postSolution
		SolutionGuid = {150DCF67-A947-48C3-83E4-7ADFF48500C6}
	EndGlobalSection
EndGlobal
