<?xml version="1.0" encoding="utf-8"?>
<Project ToolsVersion="4.0" xmlns="http://schemas.microsoft.com/developer/msbuild/2003">
  <ItemGroup>
    <Filter Include="Source Files">
      <UniqueIdentifier>{4FC737F1-C7A5-4376-A066-2A32D752A2FF}</UniqueIdentifier>
      <Extensions>cpp;c;cc;cxx;c++;cppm;ixx;def;odl;idl;hpj;bat;asm;asmx</Extensions>
    </Filter>
    <Filter Include="Header Files">
      <UniqueIdentifier>{93995380-89BD-4b04-88EB-625FBE52EBFB}</UniqueIdentifier>
      <Extensions>h;hh;hpp;hxx;h++;hm;inl;inc;ipp;xsd</Extensions>
    </Filter>
  </ItemGroup>
  <ItemGroup>
    <ClCompile Include="source\main.cpp">
      <Filter>Source Files</Filter>
    </ClCompile>
    <ClCompile Include="source\BaseObj.cpp">
      <Filter>Source Files</Filter>
    </ClCompile>
    <ClCompile Include="source\Map.cpp">
      <Filter>Source Files</Filter>
    </ClCompile>
    <ClCompile Include="source\ConfigFailure.cpp">
      <Filter>Source Files</Filter>
    </ClCompile>
    <ClCompile Include="source\ConfigSuccess.cpp">
      <Filter>Source Files</Filter>
    </ClCompile>
    <ClCompile Include="source\SDLEnvironment.cpp">
      <Filter>Source Files</Filter>
    </ClCompile>
    <ClCompile Include="source\bonuses\Bonus.cpp">
      <Filter>Source Files</Filter>
    </ClCompile>
    <ClCompile Include="source\bonuses\BonusGrenade.cpp">
      <Filter>Source Files</Filter>
    </ClCompile>
    <ClCompile Include="source\bonuses\BonusHelmet.cpp">
      <Filter>Source Files</Filter>
    </ClCompile>
    <ClCompile Include="source\bonuses\BonusShovel.cpp">
      <Filter>Source Files</Filter>
    </ClCompile>
    <ClCompile Include="source\bonuses\BonusStar.cpp">
      <Filter>Source Files</Filter>
    </ClCompile>
    <ClCompile Include="source\bonuses\BonusSystem.cpp">
      <Filter>Source Files</Filter>
    </ClCompile>
    <ClCompile Include="source\bonuses\BonusTank.cpp">
      <Filter>Source Files</Filter>
    </ClCompile>
    <ClCompile Include="source\bonuses\BonusTimer.cpp">
      <Filter>Source Files</Filter>
    </ClCompile>
    <ClCompile Include="source\BulletPool.cpp">
      <Filter>Source Files</Filter>
    </ClCompile>
    <ClCompile Include="source\GameFailure.cpp">
      <Filter>Source Files</Filter>
    </ClCompile>
    <ClCompile Include="source\GameStatistics.cpp">
      <Filter>Source Files</Filter>
    </ClCompile>
    <ClCompile Include="source\GameSuccess.cpp">
      <Filter>Source Files</Filter>
    </ClCompile>
    <ClCompile Include="source\LineOfSight.cpp">
      <Filter>Source Files</Filter>
    </ClCompile>
    <ClCompile Include="source\Menu.cpp">
      <Filter>Source Files</Filter>
    </ClCompile>
    <ClCompile Include="source\obstacles\Brick.cpp">
      <Filter>Source Files</Filter>
    </ClCompile>
    <ClCompile Include="source\obstacles\Iron.cpp">
      <Filter>Source Files</Filter>
    </ClCompile>
    <ClCompile Include="source\obstacles\Water.cpp">
      <Filter>Source Files</Filter>
    </ClCompile>
    <ClCompile Include="source\pawns\Bullet.cpp">
      <Filter>Source Files</Filter>
    </ClCompile>
    <ClCompile Include="source\pawns\CoopAI.cpp">
      <Filter>Source Files</Filter>
    </ClCompile>
    <ClCompile Include="source\pawns\Enemy.cpp">
      <Filter>Source Files</Filter>
    </ClCompile>
    <ClCompile Include="source\pawns\Pawn.cpp">
      <Filter>Source Files</Filter>
    </ClCompile>
    <ClCompile Include="source\pawns\PlayerOne.cpp">
      <Filter>Source Files</Filter>
    </ClCompile>
    <ClCompile Include="source\pawns\PlayerTwo.cpp">
      <Filter>Source Files</Filter>
    </ClCompile>
    <ClCompile Include="source\pawns\Tank.cpp">
      <Filter>Source Files</Filter>
    </ClCompile>
    <ClCompile Include="source\TankSpawner.cpp">
      <Filter>Source Files</Filter>
    </ClCompile>
    <ClCompile Include="source\utils\ColliderUtils.cpp">
      <Filter>Source Files</Filter>
    </ClCompile>
    <ClCompile Include="source\utils\TimeUtils.cpp">
      <Filter>Source Files</Filter>
    </ClCompile>
    <ClCompile Include="source\behavior\MoveLikeAIBeh.cpp">
      <Filter>Source Files</Filter>
    </ClCompile>
    <ClCompile Include="source\behavior\MoveLikeBulletBeh.cpp">
      <Filter>Source Files</Filter>
    </ClCompile>
    <ClCompile Include="source\behavior\MoveLikeTankBeh.cpp">
      <Filter>Source Files</Filter>
    </ClCompile>
    <ClCompile Include="source\behavior\ShootingBeh.cpp">
      <Filter>Source Files</Filter>
    </ClCompile>
    <ClCompile Include="source\input\InputProviderForMenu.cpp">
      <Filter>Source Files</Filter>
    </ClCompile>
    <ClCompile Include="source\input\InputProviderForPlayerOne.cpp">
      <Filter>Source Files</Filter>
    </ClCompile>
    <ClCompile Include="source\input\InputProviderForPlayerOneNet.cpp">
      <Filter>Source Files</Filter>
    </ClCompile>
    <ClCompile Include="source\input\InputProviderForPlayerTwo.cpp">
      <Filter>Source Files</Filter>
    </ClCompile>
    <ClCompile Include="source\input\InputProviderForPlayerTwoNet.cpp">
      <Filter>Source Files</Filter>
    </ClCompile>
    <ClCompile Include="source\obstacles\FortressObstacle.cpp">
      <Filter>Source Files</Filter>
    </ClCompile>
    <ClCompile Include="source\ObjRectangle.cpp">
      <Filter>Source Files</Filter>
    </ClCompile>
    <ClCompile Include="source\Server.cpp">
      <Filter>Source Files</Filter>
    </ClCompile>
  </ItemGroup>
  <ItemGroup>
    <ClInclude Include="headers\BaseObj.h">
      <Filter>Header Files</Filter>
    </ClInclude>
    <ClInclude Include="headers\MouseButton.h">
      <Filter>Header Files</Filter>
    </ClInclude>
    <ClInclude Include="headers\PlayerKeys.h">
      <Filter>Header Files</Filter>
    </ClInclude>
    <ClInclude Include="headers\Map.h">
      <Filter>Header Files</Filter>
    </ClInclude>
    <ClInclude Include="headers\Point.h">
      <Filter>Header Files</Filter>
    </ClInclude>
    <ClInclude Include="headers\Circle.h">
      <Filter>Header Files</Filter>
    </ClInclude>
    <ClInclude Include="headers\Direction.h">
      <Filter>Header Files</Filter>
    </ClInclude>
    <ClInclude Include="headers\EventSystem.h">
      <Filter>Header Files</Filter>
    </ClInclude>
    <ClInclude Include="headers\ConfigFailure.h">
      <Filter>Header Files</Filter>
    </ClInclude>
    <ClInclude Include="headers\ConfigSuccess.h">
      <Filter>Header Files</Filter>
    </ClInclude>
    <ClInclude Include="headers\SDLEnvironment.h">
      <Filter>Header Files</Filter>
    </ClInclude>
    <ClInclude Include="headers\bonuses\Bonus.h">
      <Filter>Header Files</Filter>
    </ClInclude>
    <ClInclude Include="headers\bonuses\BonusGrenade.h">
      <Filter>Header Files</Filter>
    </ClInclude>
    <ClInclude Include="headers\bonuses\BonusHelmet.h">
      <Filter>Header Files</Filter>
    </ClInclude>
    <ClInclude Include="headers\bonuses\BonusShovel.h">
      <Filter>Header Files</Filter>
    </ClInclude>
    <ClInclude Include="headers\bonuses\BonusStar.h">
      <Filter>Header Files</Filter>
    </ClInclude>
    <ClInclude Include="headers\bonuses\BonusSystem.h">
      <Filter>Header Files</Filter>
    </ClInclude>
    <ClInclude Include="headers\bonuses\BonusTank.h">
      <Filter>Header Files</Filter>
    </ClInclude>
    <ClInclude Include="headers\bonuses\BonusTimer.h">
      <Filter>Header Files</Filter>
    </ClInclude>
    <ClInclude Include="headers\GameFailure.h">
      <Filter>Header Files</Filter>
    </ClInclude>
    <ClInclude Include="headers\GameStatistics.h">
      <Filter>Header Files</Filter>
    </ClInclude>
    <ClInclude Include="headers\GameSuccess.h">
      <Filter>Header Files</Filter>
    </ClInclude>
    <ClInclude Include="headers\interfaces\IPickupableBonus.h">
      <Filter>Header Files</Filter>
    </ClInclude>
    <ClInclude Include="headers\interfaces\IShootable.h">
      <Filter>Header Files</Filter>
    </ClInclude>
    <ClInclude Include="headers\LineOfSight.h">
      <Filter>Header Files</Filter>
    </ClInclude>
    <ClInclude Include="headers\Menu.h">
      <Filter>Header Files</Filter>
    </ClInclude>
    <ClInclude Include="headers\obstacles\Brick.h">
      <Filter>Header Files</Filter>
    </ClInclude>
    <ClInclude Include="headers\obstacles\Iron.h">
      <Filter>Header Files</Filter>
    </ClInclude>
    <ClInclude Include="headers\obstacles\Water.h">
      <Filter>Header Files</Filter>
    </ClInclude>
    <ClInclude Include="headers\BulletPool.h">
      <Filter>Header Files</Filter>
    </ClInclude>
    <ClInclude Include="headers\GameMode.h">
      <Filter>Header Files</Filter>
    </ClInclude>
    <ClInclude Include="headers\interfaces\IConfig.h">
      <Filter>Header Files</Filter>
    </ClInclude>
    <ClInclude Include="headers\interfaces\IDrawable.h">
      <Filter>Header Files</Filter>
    </ClInclude>
    <ClInclude Include="headers\interfaces\IGame.h">
      <Filter>Header Files</Filter>
    </ClInclude>
    <ClInclude Include="headers\interfaces\IHealthBar.h">
      <Filter>Header Files</Filter>
    </ClInclude>
    <ClInclude Include="headers\interfaces\IInputProvider.h">
      <Filter>Header Files</Filter>
    </ClInclude>
    <ClInclude Include="headers\interfaces\IMoveBeh.h">
      <Filter>Header Files</Filter>
    </ClInclude>
    <ClInclude Include="headers\interfaces\IObstacle.h">
      <Filter>Header Files</Filter>
    </ClInclude>
    <ClInclude Include="headers\interfaces\ISendableDamageStatistics.h">
      <Filter>Header Files</Filter>
    </ClInclude>
    <ClInclude Include="headers\interfaces\ITickUpdatable.h">
      <Filter>Header Files</Filter>
    </ClInclude>
    <ClInclude Include="headers\pawns\Bullet.h">
      <Filter>Header Files</Filter>
    </ClInclude>
    <ClInclude Include="headers\pawns\CoopAI.h">
      <Filter>Header Files</Filter>
    </ClInclude>
    <ClInclude Include="headers\pawns\Enemy.h">
      <Filter>Header Files</Filter>
    </ClInclude>
    <ClInclude Include="headers\pawns\Pawn.h">
      <Filter>Header Files</Filter>
    </ClInclude>
    <ClInclude Include="headers\pawns\PlayerOne.h">
      <Filter>Header Files</Filter>
    </ClInclude>
    <ClInclude Include="headers\pawns\PlayerTwo.h">
      <Filter>Header Files</Filter>
    </ClInclude>
    <ClInclude Include="headers\pawns\Tank.h">
      <Filter>Header Files</Filter>
    </ClInclude>
    <ClInclude Include="headers\TankSpawner.h">
      <Filter>Header Files</Filter>
    </ClInclude>
    <ClInclude Include="headers\utils\ColliderUtils.h">
      <Filter>Header Files</Filter>
    </ClInclude>
    <ClInclude Include="headers\utils\PixelUtils.h">
      <Filter>Header Files</Filter>
    </ClInclude>
    <ClInclude Include="headers\utils\TimeUtils.h">
      <Filter>Header Files</Filter>
    </ClInclude>
    <ClInclude Include="headers\behavior\MoveLikeAIBeh.h">
      <Filter>Header Files</Filter>
    </ClInclude>
    <ClInclude Include="headers\behavior\MoveLikeBulletBeh.h">
      <Filter>Header Files</Filter>
    </ClInclude>
    <ClInclude Include="headers\behavior\MoveLikeTankBeh.h">
      <Filter>Header Files</Filter>
    </ClInclude>
    <ClInclude Include="headers\behavior\ShootingBeh.h">
      <Filter>Header Files</Filter>
    </ClInclude>
    <ClInclude Include="headers\input\InputProviderForMenu.h">
      <Filter>Header Files</Filter>
    </ClInclude>
    <ClInclude Include="headers\input\InputProviderForPlayerOne.h">
      <Filter>Header Files</Filter>
    </ClInclude>
    <ClInclude Include="headers\input\InputProviderForPlayerOneNet.h">
      <Filter>Header Files</Filter>
    </ClInclude>
    <ClInclude Include="headers\input\InputProviderForPlayerTwo.h">
      <Filter>Header Files</Filter>
    </ClInclude>
    <ClInclude Include="headers\input\InputProviderForPlayerTwoNet.h">
      <Filter>Header Files</Filter>
    </ClInclude>
    <ClInclude Include="headers\obstacles\FortressObstacle.h">
      <Filter>Header Files</Filter>
    </ClInclude>
    <ClInclude Include="headers\ObjRectangle.h">
      <Filter>Header Files</Filter>
    </ClInclude>
    <ClInclude Include="headers\Server.h">
      <Filter>Header Files</Filter>
    </ClInclude>
  </ItemGroup>
  <ItemGroup>
    <None Include="packages.config" />
  </ItemGroup>
  <ItemGroup>
    <Image Include="Resources\Images\Title.png" />
  </ItemGroup>
  <ItemGroup>
    <Font Include="Resources\Fonts\bc7x7.ttf" />
  </ItemGroup>
  <ItemGroup>
    <Media Include="Resources\Sounds\levelStarted.wav" />
  </ItemGroup>
</Project>
