<?xml version="1.0" encoding="utf-8"?>
<Project ToolsVersion="4.0" xmlns="http://schemas.microsoft.com/developer/msbuild/2003">
  <ItemGroup>
    <Filter Include="source">
      <UniqueIdentifier>{8b1d0e42-7a6c-4f39-9c05-1e3a7d5b2f68}</UniqueIdentifier>
    </Filter>
  </ItemGroup>
  <ItemGroup>
    <ClCompile Include="..\source\server_main.cpp">
      <Filter>source</Filter>
    </ClCompile>
  </ItemGroup>
</Project>