<?xml version="1.0" encoding="utf-8"?>
<Project ToolsVersion="4.0" xmlns="http://schemas.microsoft.com/developer/msbuild/2003">
  <ItemGroup>
    <Filter Include="ThirdParty">
      <UniqueIdentifier>{69efd7df-9648-ea8c-9014-0d0d01fa033e}</UniqueIdentifier>
    </Filter>
    <Filter Include="ThirdParty\googletest">
      <UniqueIdentifier>{2bcd0879-5e89-bf65-5d55-9fa489198ddb}</UniqueIdentifier>
    </Filter>
    <Filter Include="ThirdParty\googletest\googletest">
      <UniqueIdentifier>{928a2f66-c322-574c-a1e3-f8b8e3d975f9}</UniqueIdentifier>
    </Filter>
    <Filter Include="ThirdParty\googletest\googletest\src">
      <UniqueIdentifier>{2f0961f1-7287-bb3b-1c4b-e8242d2d9765}</UniqueIdentifier>
    </Filter>
  </ItemGroup>
  <ItemGroup>
    <ClCompile Include="..\ThirdParty\googletest\googletest\src\gtest_main.cc">
      <Filter>ThirdParty\googletest\googletest\src</Filter>
    </ClCompile>
    <ClCompile Include="..\ThirdParty\googletest\googletest\src\gtest-all.cc">
      <Filter>ThirdParty\googletest\googletest\src</Filter>
    </ClCompile>
    <ClCompile Include="BonusTestBasic.cpp">
      <Filter></Filter>
    </ClCompile>
    <ClCompile Include="BonusTestDestroy.cpp">
      <Filter></Filter>
    </ClCompile>
    <ClCompile Include="BonusTestEnemy.cpp">
      <Filter></Filter>
    </ClCompile>
    <ClCompile Include="BotsTest.cpp">
      <Filter></Filter>
    </ClCompile>
    <ClCompile Include="BulletPoolTest.cpp">
      <Filter></Filter>
    </ClCompile>
    <ClCompile Include="BulletsTestAdvanced.cpp">
      <Filter></Filter>
    </ClCompile>
    <ClCompile Include="BulletsTestBasic.cpp">
      <Filter></Filter>
    </ClCompile>
    <ClCompile Include="ClientHandshakeTest.cpp">
      <Filter></Filter>
    </ClCompile>
    <ClCompile Include="ProjectConfigTest.cpp">
      <Filter></Filter>
    </ClCompile>
    <ClCompile Include="SeatAssignmentTest.cpp">
      <Filter></Filter>
    </ClCompile>
    <ClCompile Include="ScoreBoardTest.cpp">
      <Filter></Filter>
    </ClCompile>
    <ClCompile Include="CommandLineParserTest.cpp">
      <Filter></Filter>
    </ClCompile>
    <ClCompile Include="CoopBotTest.cpp">
      <Filter></Filter>
    </ClCompile>
    <ClCompile Include="DeadObjectFilterTest.cpp">
      <Filter></Filter>
    </ClCompile>
    <ClCompile Include="EnemyBotTest.cpp">
      <Filter></Filter>
    </ClCompile>
    <ClCompile Include="GameStateManagerTest.cpp">
      <Filter></Filter>
    </ClCompile>
    <ClCompile Include="GameStateTest.cpp">
      <Filter></Filter>
    </ClCompile>
    <ClCompile Include="MapTest.cpp">
      <Filter></Filter>
    </ClCompile>
    <ClCompile Include="NetworkTest.cpp">
      <Filter></Filter>
    </ClCompile>
    <ClCompile Include="PauseSyncTest.cpp">
      <Filter></Filter>
    </ClCompile>
    <ClCompile Include="PlayerTest.cpp">
      <Filter></Filter>
    </ClCompile>
    <ClCompile Include="RespawnManagerTest.cpp">
      <Filter></Filter>
    </ClCompile>
    <ClCompile Include="StatisticsTestAdvanced.cpp">
      <Filter></Filter>
    </ClCompile>
    <ClCompile Include="StatisticsTestBasic.cpp">
      <Filter></Filter>
    </ClCompile>
    <ClCompile Include="TankSpawnerTest.cpp">
      <Filter></Filter>
    </ClCompile>
    <ClCompile Include="TimeUtilsTest.cpp">
      <Filter></Filter>
    </ClCompile>
    <ClCompile Include="TestUtils.cpp">
      <Filter></Filter>
    </ClCompile>
  </ItemGroup>
  <ItemGroup>
    <ClInclude Include="TestUtils.h">
      <Filter></Filter>
    </ClInclude>
  </ItemGroup>
</Project>
